{
    "_readme": [
        "This file locks the dependencies of your project to a known state",
        "Read more about it at https://getcomposer.org/doc/01-basic-usage.md#installing-dependencies",
        "This file is @generated automatically"
    ],
    "content-hash": "3ebaa8624287cc92c12f84124b304660",
    "packages": [
        {
            "name": "ephect-io/framework",
            "version": "0.8.1",
            "source": {
                "type": "git",
                "url": "https://github.com/ephect-io/framework.git",
                "reference": "80f84459225b764d614cc4bb08146691f835ef15"
            },
            "dist": {
                "type": "zip",
                "url": "https://api.github.com/repos/ephect-io/framework/zipball/80f84459225b764d614cc4bb08146691f835ef15",
                "reference": "80f84459225b764d614cc4bb08146691f835ef15",
                "shasum": ""
            },
            "require": {
                "ext-curl": "*",
                "ext-iconv": "*",
                "ext-libxml": "*",
                "ext-mysqlnd": "*",
                "ext-pdo": "*",
                "ext-readline": "*",
                "ext-sqlite3": "*",
                "ext-zip": "*",
                "php": "^8.2"
            },
            "require-dev": {
                "friendsofphp/php-cs-fixer": "^v3.88.2",
                "phpunit/phpunit": "^12.4.0",
                "squizlabs/php_codesniffer": "^4.0.0"
            },
            "bin": [
                "bin/ephect-io_framework_install.sh"
            ],
            "type": "library",
            "autoload": {
                "psr-4": {
                    "Ephect\\": "Ephect"
                }
            },
            "notification-url": "https://packagist.org/downloads/",
            "license": [
                "GPL-3.0+"
            ],
            "authors": [
                {
                    "name": "David Blanchard",
                    "email": "dpjb@hotmail.fr",
                    "homepage": "https://ephect.io",
                    "role": "Creator"
                }
            ],
            "description": "Effective PHP",
            "homepage": "https://ephect.io",
            "support": {
                "issues": "https://github.com/ephect-io/framework/issues",
                "source": "https://github.com/ephect-io/framework/tree/0.8.1"
            },
            "time": "2025-10-24T12:28:09+00:00"
        },
        {
            "name": "ephect-io/javascripts",
            "version": "dev-main",
            "source": {
                "type": "git",
                "url": "https://github.com/ephect-io/javascripts.git",
                "reference": "0539671b5a4bf5a2918002b081cd7318906f0a52"
            },
            "dist": {
                "type": "zip",
                "url": "https://api.github.com/repos/ephect-io/javascripts/zipball/0539671b5a4bf5a2918002b081cd7318906f0a52",
                "reference": "0539671b5a4bf5a2918002b081cd7318906f0a52",
                "shasum": ""
            },
            "default-branch": true,
            "type": "library",
            "notification-url": "https://packagist.org/downloads/",
            "license": [
                "GPL-3.0+"
            ],
            "authors": [
                {
                    "name": "David Blanchard",
                    "email": "dpjb@hotmail.fr",
                    "homepage": "https://code-phoenix.org",
                    "role": "Creator"
                }
            ],
            "description": "A client side javascript library to interoperate with ephect PHP library",
            "homepage": "https://ephect.io",
            "support": {
                "issues": "https://github.com/ephect-io/javascripts/issues",
                "source": "https://github.com/ephect-io/javascripts/tree/main"
            },
            "time": "2022-06-12T09:24:23+00:00"
        }
    ],
    "packages-dev": [],
    "aliases": [],
    "minimum-stability": "stable",
    "stability-flags": {
        "ephect-io/javascripts": 20
    },
    "prefer-stable": false,
    "prefer-lowest": false,
    "platform": {},
    "platform-dev": {},
    "plugin-api-version": "2.6.0"
}
