{
    "_readme": [
        "This file locks the dependencies of your project to a known state",
        "Read more about it at https://getcomposer.org/doc/01-basic-usage.md#installing-dependencies",
        "This file is @generated automatically"
    ],
    "content-hash": "fdab0cac5bb6e57b92ec9b0099e50827",
    "packages": [
        {
            "name": "ephect-io/framework",
            "version": "0.6.34",
            "source": {
                "type": "git",
                "url": "https://github.com/ephect-io/framework.git",
                "reference": "b36f758f3a96e067ac1572d0dbc2f03415a4b193"
            },
            "dist": {
                "type": "zip",
                "url": "https://api.github.com/repos/ephect-io/framework/zipball/b36f758f3a96e067ac1572d0dbc2f03415a4b193",
                "reference": "b36f758f3a96e067ac1572d0dbc2f03415a4b193",
                "shasum": ""
            },
            "require": {
                "php": "^8.2"
            },
            "type": "library",
            "notification-url": "https://packagist.org/downloads/",
            "license": [
                "GPL-3.0+"
            ],
            "authors": [
                {
                    "name": "David Blanchard",
                    "email": "dpjb@hotmail.fr",
                    "homepage": "https://ephect.io",
                    "role": "Creator"
                }
            ],
            "description": "Effective PHP",
            "homepage": "https://ephect.io",
            "support": {
                "issues": "https://github.com/ephect-io/framework/issues",
                "source": "https://github.com/ephect-io/framework/tree/v0.6.34"
            },
            "time": "2024-01-06T17:48:07+00:00"
        },
        {
            "name": "ephect-io/javascripts",
            "version": "dev-main",
            "source": {
                "type": "git",
                "url": "https://github.com/ephect-io/javascripts.git",
                "reference": "0539671b5a4bf5a2918002b081cd7318906f0a52"
            },
            "dist": {
                "type": "zip",
                "url": "https://api.github.com/repos/ephect-io/javascripts/zipball/0539671b5a4bf5a2918002b081cd7318906f0a52",
                "reference": "0539671b5a4bf5a2918002b081cd7318906f0a52",
                "shasum": ""
            },
            "default-branch": true,
            "type": "library",
            "notification-url": "https://packagist.org/downloads/",
            "license": [
                "GPL-3.0+"
            ],
            "authors": [
                {
                    "name": "David Blanchard",
                    "email": "dpjb@hotmail.fr",
                    "homepage": "https://code-phoenix.org",
                    "role": "Creator"
                }
            ],
            "description": "A client side javascript library to interoperate with ephect PHP library",
            "homepage": "https://ephect.io",
            "support": {
                "issues": "https://github.com/ephect-io/javascripts/issues",
                "source": "https://github.com/ephect-io/javascripts/tree/main"
            },
            "time": "2022-06-12T09:24:23+00:00"
        }
    ],
    "packages-dev": [],
    "aliases": [],
    "minimum-stability": "stable",
    "stability-flags": {
        "ephect-io/javascripts": 20
    },
    "prefer-stable": false,
    "prefer-lowest": false,
    "platform": [],
    "platform-dev": [],
    "plugin-api-version": "2.3.0"
}
