{
  "name": "create-app",
  "lockfileVersion": 3,
  "requires": true,
  "packages": {
    "": {
      "name": "create-app",
      "dependencies": {
        "@human-writes/web-components": "^0.5.62"
      }
    },
    "node_modules/@human-writes/core": {
      "version": "0.5.61",
      "license": "GPL-3.0"
    },
    "node_modules/@human-writes/web-components": {
      "version": "0.5.62",
      "license": "GPL-3.0",
      "dependencies": {
        "@human-writes/core": "^0.5.61",
        "highlight.js": "11.8.0"
      }
    },
    "node_modules/highlight.js": {
      "version": "11.8.0",
      "license": "BSD-3-Clause",
      "engines": {
        "node": ">=12.0.0"
      }
    }
  }
}
