# This file is generated by running "yarn install" inside your project.
# Manual changes might be lost - proceed with caution!

__metadata:
  version: 6
  cacheKey: 8

"create-app@workspace:.":
  version: 0.0.0-use.local
  resolution: "create-app@workspace:."
  dependencies:
    human-writes: ^0.7.2
  languageName: unknown
  linkType: soft

"highlight.js@npm:^11.8.0":
  version: 11.9.0
  resolution: "highlight.js@npm:11.9.0"
  checksum: 4043d31c5de9d27d13387d9a9e5e1939557254b7b85f0fab85d9cae0e420e131a3456ebf6148552020a1d8a216d671d583f2433d6c4de6179b8a66487a8325cb
  languageName: node
  linkType: hard

"human-writes@npm:^0.7.2":
  version: 0.7.2
  resolution: "human-writes@npm:0.7.2"
  dependencies:
    highlight.js: ^11.8.0
  peerDependencies:
    vue: ^3.3.4
    vue-router: ^4.2.4
  checksum: a9665736cc6ecd6e959bab4697a49073a1c7bfb0141ca1730a3a81bff6bf6ab31a4d7e3cf805930696b4008fcbbeccd73211a7645d9b1f9d9b307556ede60945
  languageName: node
  linkType: hard
