# This file is generated by running "yarn install" inside your project.
# Manual changes might be lost - proceed with caution!

__metadata:
  version: 6
  cacheKey: 8

"@human-writes/core@npm:^0.5.61":
  version: 0.5.61
  resolution: "@human-writes/core@npm:0.5.61"
  checksum: b9e1d3e76b6c7c1372feebe2834fe524d4dcf5eb62137d8a90693729afcc8b97256e7e531d9dc7a1813ceb6eda39d6f9d22d285da5b160218adb8938847777a5
  languageName: node
  linkType: hard

"@human-writes/web-components@npm:^0.5.62":
  version: 0.5.62
  resolution: "@human-writes/web-components@npm:0.5.62"
  dependencies:
    "@human-writes/core": ^0.5.61
    highlight.js: 11.8.0
  checksum: fbbf873253b7f7d2589792c188ea871ab307bf482a6d6ddd983c672069b152941e543dfd587e328037cf29b1fccb20caad124fc4e16d6be1361b00b7a10d5f6b
  languageName: node
  linkType: hard

"create-app@workspace:.":
  version: 0.0.0-use.local
  resolution: "create-app@workspace:."
  dependencies:
    "@human-writes/web-components": ^0.5.62
  languageName: unknown
  linkType: soft

"highlight.js@npm:11.8.0":
  version: 11.8.0
  resolution: "highlight.js@npm:11.8.0"
  checksum: d2578a57aee7315946ff19379053fd0a28b127baabf7617ab1d28d62cdc4eaf3d75053569cb8479a5afdc7a68f1ba9a6c1d612d8ae399b4b9aa43093b4fb6831
  languageName: node
  linkType: hard
